{
  "nodes": {
    "agenix": {
      "inputs": {
        "nixpkgs": [
          "nixpkgs"
        ]
      },
      "locked": {
        "lastModified": 1652712410,
        "narHash": "sha256-hMJ2TqLt0DleEnQFGUHK9sV2aAzJPU8pZeiZoqRozbE=",
        "owner": "ryantm",
        "repo": "agenix",
        "rev": "7e5e58b98c3dcbf497543ff6f22591552ebfe65b",
        "type": "github"
      },
      "original": {
        "owner": "ryantm",
        "repo": "agenix",
        "type": "github"
      }
    },
    "cachix": {
      "locked": {
        "lastModified": 1653996475,
        "narHash": "sha256-r/UA7h3Dfgf4dlOCkakpqejf1Tagfb+6T+9OdT0qBgU=",
        "owner": "nixos",
        "repo": "nixpkgs",
        "rev": "ec6eaba9dfcfdd11547d75a193e91e26701bf7e3",
        "type": "github"
      },
      "original": {
        "owner": "nixos",
        "ref": "nixos-21.11",
        "repo": "nixpkgs",
        "type": "github"
      }
    },
    "emacs-overlay": {
      "inputs": {
        "flake-utils": "flake-utils",
        "nixpkgs": [
          "nixpkgs"
        ]
      },
      "locked": {
        "lastModified": 1654196988,
        "narHash": "sha256-u0kaVjfywwcom/kxa1aL6QyjhvBFITzdlm2d5b6LZo0=",
        "owner": "nix-community",
        "repo": "emacs-overlay",
        "rev": "2d0205ddd7003ac495d992e70459d8dd4bd14e38",
        "type": "github"
      },
      "original": {
        "owner": "nix-community",
        "repo": "emacs-overlay",
        "type": "github"
      }
    },
    "flake-compat": {
      "flake": false,
      "locked": {
        "lastModified": 1650374568,
        "narHash": "sha256-Z+s0J8/r907g149rllvwhb4pKi8Wam5ij0st8PwAh+E=",
        "owner": "edolstra",
        "repo": "flake-compat",
        "rev": "b4a34015c698c7793d592d66adbab377907a2be8",
        "type": "github"
      },
      "original": {
        "owner": "edolstra",
        "repo": "flake-compat",
        "type": "github"
      }
    },
    "flake-utils": {
      "locked": {
        "lastModified": 1653893745,
        "narHash": "sha256-0jntwV3Z8//YwuOjzhV2sgJJPt+HY6KhU7VZUL0fKZQ=",
        "owner": "numtide",
        "repo": "flake-utils",
        "rev": "1ed9fb1935d260de5fe1c2f7ee0ebaae17ed2fa1",
        "type": "github"
      },
      "original": {
        "owner": "numtide",
        "repo": "flake-utils",
        "type": "github"
      }
    },
    "flake-utils_2": {
      "locked": {
        "lastModified": 1653893745,
        "narHash": "sha256-0jntwV3Z8//YwuOjzhV2sgJJPt+HY6KhU7VZUL0fKZQ=",
        "owner": "numtide",
        "repo": "flake-utils",
        "rev": "1ed9fb1935d260de5fe1c2f7ee0ebaae17ed2fa1",
        "type": "github"
      },
      "original": {
        "owner": "numtide",
        "repo": "flake-utils",
        "type": "github"
      }
    },
    "home-manager": {
      "inputs": {
        "nixpkgs": [
          "nixpkgs"
        ]
      },
      "locked": {
        "lastModified": 1654113406,
        "narHash": "sha256-70esZvhal+FsyU89mJRcAb+cDGHKt0sgZ6MlRr9Cplg=",
        "owner": "nix-community",
        "repo": "home-manager",
        "rev": "684e85d01d333be91c4875baebb05b93c7d2ffaa",
        "type": "github"
      },
      "original": {
        "owner": "nix-community",
        "ref": "master",
        "repo": "home-manager",
        "type": "github"
      }
    },
    "jboyens": {
      "locked": {
        "lastModified": 1649882407,
        "narHash": "sha256-dD/6uvKYSlC2KtHBVCaMHau/0SyjYERtJavpXK6/WE4=",
        "owner": "jboyens",
        "repo": "nixpkgs",
        "rev": "39c8f7fb882f642cbf11429f5dff210e08f6b205",
        "type": "github"
      },
      "original": {
        "owner": "jboyens",
        "repo": "nixpkgs",
        "rev": "39c8f7fb882f642cbf11429f5dff210e08f6b205",
        "type": "github"
      }
    },
    "lib-aggregate": {
      "inputs": {
        "flake-utils": "flake-utils_2",
        "nixpkgs-lib": "nixpkgs-lib"
      },
      "locked": {
        "lastModified": 1653912655,
        "narHash": "sha256-sSBnbOqyVvV7CKq4jAmoZwd0VpYje1Yk0xSSmiSczCs=",
        "owner": "nix-community",
        "repo": "lib-aggregate",
        "rev": "93e3b4ce728ebcb91e8e47101ec4cd6c53c63dee",
        "type": "github"
      },
      "original": {
        "owner": "nix-community",
        "repo": "lib-aggregate",
        "type": "github"
      }
    },
    "nix-colors": {
      "locked": {
        "lastModified": 1652385706,
        "narHash": "sha256-E3V0UoQnyvny084aMEmPqbyO0rLm3QslJI9C2TQXoik=",
        "owner": "misterio77",
        "repo": "nix-colors",
        "rev": "fe9fd38b9ddc81afe5d45be6d286472de3f89f03",
        "type": "github"
      },
      "original": {
        "owner": "misterio77",
        "repo": "nix-colors",
        "type": "github"
      }
    },
    "nixgl": {
      "inputs": {
        "nixpkgs": "nixpkgs"
      },
      "locked": {
        "lastModified": 1653311504,
        "narHash": "sha256-4/EOfhL9gRAhUlC57DEQyg74RrcXPG8TTUDF8G7l6OY=",
        "owner": "guibou",
        "repo": "nixGL",
        "rev": "3214ffead3934d1d8873657fdde4a4527078f9f6",
        "type": "github"
      },
      "original": {
        "owner": "guibou",
        "repo": "nixGL",
        "type": "github"
      }
    },
    "nixos-hardware": {
      "locked": {
        "lastModified": 1654057797,
        "narHash": "sha256-mXo7C4v7Jj2feBzcReu1Eu/3Rnw5b023E9kOyFsHZQw=",
        "owner": "nixos",
        "repo": "nixos-hardware",
        "rev": "0cab18a48de7914ef8cad35dca0bb36868f3e1af",
        "type": "github"
      },
      "original": {
        "owner": "nixos",
        "repo": "nixos-hardware",
        "type": "github"
      }
    },
    "nixpkgs": {
      "locked": {
        "lastModified": 0,
        "narHash": "sha256-O3wncIouj9x7gBPntzHeK/Hkmm9M1SGlYq7JI7saTAE=",
        "path": "/nix/store/d84iknazpzwbjbj1j9zh9wnh6v6dzlfb-source",
        "type": "path"
      },
      "original": {
        "id": "nixpkgs",
        "type": "indirect"
      }
    },
    "nixpkgs-lib": {
      "locked": {
        "lastModified": 1653785473,
        "narHash": "sha256-kqSk70xGTRfmJi2XPfpxF4ckfrlB0bf9vmN1V3aydTA=",
        "owner": "nix-community",
        "repo": "nixpkgs.lib",
        "rev": "81ce0b50f52b58a6a97184c0a4c42e6d964cfa06",
        "type": "github"
      },
      "original": {
        "owner": "nix-community",
        "repo": "nixpkgs.lib",
        "type": "github"
      }
    },
    "nixpkgs-unstable": {
      "locked": {
        "lastModified": 1654212006,
        "narHash": "sha256-GyWSzTQcHrTpo2t8+XDhdKRcAuglqw6uGJlpXKNmjEc=",
        "owner": "NixOS",
        "repo": "nixpkgs",
        "rev": "c5516d1d0045d0bc777dc01aa314fbe163eb2680",
        "type": "github"
      },
      "original": {
        "id": "nixpkgs",
        "ref": "master",
        "type": "indirect"
      }
    },
    "nixpkgs-wayland": {
      "inputs": {
        "cachix": "cachix",
        "flake-compat": "flake-compat",
        "lib-aggregate": "lib-aggregate",
        "nixpkgs": [
          "nixpkgs"
        ]
      },
      "locked": {
        "lastModified": 1654204526,
        "narHash": "sha256-Ap88qXR3jOBtsQu67iPI1L4p66OOufoc93ORMMxxQUY=",
        "owner": "nix-community",
        "repo": "nixpkgs-wayland",
        "rev": "bbfc09131081fa5ba3c3ef68da1d6d3191d00209",
        "type": "github"
      },
      "original": {
        "owner": "nix-community",
        "repo": "nixpkgs-wayland",
        "type": "github"
      }
    },
    "nixpkgs_2": {
      "locked": {
        "lastModified": 1653931853,
        "narHash": "sha256-O3wncIouj9x7gBPntzHeK/Hkmm9M1SGlYq7JI7saTAE=",
        "owner": "NixOS",
        "repo": "nixpkgs",
        "rev": "f1c167688a6f81f4a51ab542e5f476c8c595e457",
        "type": "github"
      },
      "original": {
        "id": "nixpkgs",
        "ref": "nixos-unstable",
        "type": "indirect"
      }
    },
    "root": {
      "inputs": {
        "agenix": "agenix",
        "emacs-overlay": "emacs-overlay",
        "home-manager": "home-manager",
        "jboyens": "jboyens",
        "nix-colors": "nix-colors",
        "nixgl": "nixgl",
        "nixos-hardware": "nixos-hardware",
        "nixpkgs": "nixpkgs_2",
        "nixpkgs-unstable": "nixpkgs-unstable",
        "nixpkgs-wayland": "nixpkgs-wayland"
      }
    }
  },
  "root": "root",
  "version": 7
}
