{
  "nodes": {
    "agenix": {
      "inputs": {
        "flake-utils": "flake-utils",
        "nixpkgs": [
          "nixpkgs"
        ]
      },
      "locked": {
        "lastModified": 1615916832,
        "narHash": "sha256-2F/ZLEw1KzcRPKQouA3Aa4i6IVfUwB8Ypq3nwEtVYL4=",
        "owner": "ryantm",
        "repo": "agenix",
        "rev": "f30f0eeb116ad1bebf5f0c48d53682de5e3be3a5",
        "type": "github"
      },
      "original": {
        "owner": "ryantm",
        "repo": "agenix",
        "type": "github"
      }
    },
    "cachix": {
      "locked": {
        "lastModified": 1619262110,
        "narHash": "sha256-XjmRXOlmmkP9dwOqe3/L0egX+G17zCN2k3lkhEXtRJ4=",
        "owner": "nixos",
        "repo": "nixpkgs",
        "rev": "e6911eaed6bb61acf11f9ae106d58b7d8fcfd659",
        "type": "github"
      },
      "original": {
        "owner": "nixos",
        "ref": "nixos-20.09",
        "repo": "nixpkgs",
        "type": "github"
      }
    },
    "emacs-overlay": {
      "locked": {
        "lastModified": 1619373918,
        "narHash": "sha256-rgJDFPOEarQHiIg42uS612Ol/h8VDBowS2h9LMCdqbU=",
        "owner": "nix-community",
        "repo": "emacs-overlay",
        "rev": "ce8fdecdaa480239b7cf03d67a721ad0e01d27e7",
        "type": "github"
      },
      "original": {
        "owner": "nix-community",
        "repo": "emacs-overlay",
        "type": "github"
      }
    },
    "flake-utils": {
      "locked": {
        "lastModified": 1600209923,
        "narHash": "sha256-zoOWauTliFEjI++esk6Jzk7QO5EKpddWXQm9yQK24iM=",
        "owner": "numtide",
        "repo": "flake-utils",
        "rev": "3cd06d3c1df6879c9e41cb2c33113df10566c760",
        "type": "github"
      },
      "original": {
        "owner": "numtide",
        "repo": "flake-utils",
        "type": "github"
      }
    },
    "home-manager": {
      "inputs": {
        "nixpkgs": [
          "nixpkgs"
        ]
      },
      "locked": {
        "lastModified": 1619330208,
        "narHash": "sha256-l2Ci3ZPsdjMoWtRdTEQQBOkYUisKYxfjeUs5QCTtuEY=",
        "owner": "rycee",
        "repo": "home-manager",
        "rev": "827636c619ce0d8178ddc08ab86ee92b50f2e5b4",
        "type": "github"
      },
      "original": {
        "owner": "rycee",
        "ref": "master",
        "repo": "home-manager",
        "type": "github"
      }
    },
    "nixos-hardware": {
      "locked": {
        "lastModified": 1619336929,
        "narHash": "sha256-joIC2D26jtSbHodR/o8r+5T9XL2hXs6NIp5mVyA4JOc=",
        "owner": "nixos",
        "repo": "nixos-hardware",
        "rev": "f7540d6c27704ec0fe56ecc8b2a9b663181850b0",
        "type": "github"
      },
      "original": {
        "owner": "nixos",
        "repo": "nixos-hardware",
        "type": "github"
      }
    },
    "nixpkgs": {
      "locked": {
        "lastModified": 1619232882,
        "narHash": "sha256-QS5CWxDYobx5cH3dm61k8jwgJlc4TCAo+o/9GwAc51M=",
        "owner": "NixOS",
        "repo": "nixpkgs",
        "rev": "93de027ee045d0c1fbf13418fb86d86e6309b962",
        "type": "github"
      },
      "original": {
        "id": "nixpkgs",
        "ref": "nixos-unstable",
        "type": "indirect"
      }
    },
    "nixpkgs-unstable": {
      "locked": {
        "lastModified": 1619382655,
        "narHash": "sha256-akmRwldU+3ZhPd9KnJ36225z3YTlEFlgQCjyZMhRJu0=",
        "owner": "NixOS",
        "repo": "nixpkgs",
        "rev": "e6b6b82d799cb61d4d0b894aedd5bec62f5c6822",
        "type": "github"
      },
      "original": {
        "id": "nixpkgs",
        "ref": "master",
        "type": "indirect"
      }
    },
    "nixpkgs-wayland": {
      "inputs": {
        "cachix": "cachix",
        "nixpkgs": [
          "nixpkgs"
        ]
      },
      "locked": {
        "lastModified": 1619377467,
        "narHash": "sha256-kokMV3UY1LYZU+qmmJL4OwfgSFX8ds5mj0WIjEW4umY=",
        "owner": "colemickens",
        "repo": "nixpkgs-wayland",
        "rev": "26f2006c99b8c28bab523cc0704d1bfd887b03f4",
        "type": "github"
      },
      "original": {
        "owner": "colemickens",
        "repo": "nixpkgs-wayland",
        "type": "github"
      }
    },
    "root": {
      "inputs": {
        "agenix": "agenix",
        "emacs-overlay": "emacs-overlay",
        "home-manager": "home-manager",
        "nixos-hardware": "nixos-hardware",
        "nixpkgs": "nixpkgs",
        "nixpkgs-unstable": "nixpkgs-unstable",
        "nixpkgs-wayland": "nixpkgs-wayland"
      }
    }
  },
  "root": "root",
  "version": 7
}
