{
  "nodes": {
    "agenix": {
      "inputs": {
        "nixpkgs": [
          "nixpkgs"
        ]
      },
      "locked": {
        "lastModified": 1634404028,
        "narHash": "sha256-JyP2Y6JCCYvUcVz7CXX5pXUfTGTU4GX51Yza82BgMfk=",
        "owner": "ryantm",
        "repo": "agenix",
        "rev": "53aa91b4170da35a96fab1577c9a34bc0da44e27",
        "type": "github"
      },
      "original": {
        "owner": "ryantm",
        "repo": "agenix",
        "type": "github"
      }
    },
    "cachix": {
      "locked": {
        "lastModified": 1634327140,
        "narHash": "sha256-d5L7oMjUVC6VU0cQMsF0tceAPkmzuAQ51DWBFNChbEQ=",
        "owner": "nixos",
        "repo": "nixpkgs",
        "rev": "83667ff60a88e22b76ef4b0bdf5334670b39c2b6",
        "type": "github"
      },
      "original": {
        "owner": "nixos",
        "ref": "nixos-21.05",
        "repo": "nixpkgs",
        "type": "github"
      }
    },
    "emacs-overlay": {
      "locked": {
        "lastModified": 1635359786,
        "narHash": "sha256-G4m8sNfO/IFtcC6gOTi3NQjvEhaXoRRW1MtWswyq7JI=",
        "owner": "nix-community",
        "repo": "emacs-overlay",
        "rev": "d4dbd9ee5d450e17b3a0846345df78f3105e282a",
        "type": "github"
      },
      "original": {
        "owner": "nix-community",
        "repo": "emacs-overlay",
        "type": "github"
      }
    },
    "home-manager": {
      "inputs": {
        "nixpkgs": [
          "nixpkgs"
        ]
      },
      "locked": {
        "lastModified": 1635285717,
        "narHash": "sha256-CGsOBSkdjIHmKEbUkik1JKQhiKCJ64Hj7dROx7yEDCo=",
        "owner": "nix-community",
        "repo": "home-manager",
        "rev": "46a69810cb95d2e7286089830dc535d6719eaa6f",
        "type": "github"
      },
      "original": {
        "owner": "nix-community",
        "ref": "master",
        "repo": "home-manager",
        "type": "github"
      }
    },
    "nixos-hardware": {
      "locked": {
        "lastModified": 1635319124,
        "narHash": "sha256-Ldh40imhLYF8kGy9wSI2NWW6qiB/9lJ0C6CT2Yr1L6E=",
        "owner": "nixos",
        "repo": "nixos-hardware",
        "rev": "0bb7b0906c353703c2eea36bd73134f0216f3e62",
        "type": "github"
      },
      "original": {
        "owner": "nixos",
        "repo": "nixos-hardware",
        "type": "github"
      }
    },
    "nixpkgs": {
      "locked": {
        "lastModified": 1634782485,
        "narHash": "sha256-psfh4OQSokGXG0lpq3zKFbhOo3QfoeudRcaUnwMRkQo=",
        "owner": "NixOS",
        "repo": "nixpkgs",
        "rev": "34ad3ffe08adfca17fcb4e4a47bb5f3b113687be",
        "type": "github"
      },
      "original": {
        "id": "nixpkgs",
        "ref": "nixos-unstable",
        "type": "indirect"
      }
    },
    "nixpkgs-unstable": {
      "locked": {
        "lastModified": 1635368502,
        "narHash": "sha256-pPGhNMzzM01MF95CvHJtpX6WeeDmsi6Ezk+IYvqsSRU=",
        "owner": "NixOS",
        "repo": "nixpkgs",
        "rev": "ed814a4586e9d84fe3d209ebaf109cce3938154e",
        "type": "github"
      },
      "original": {
        "id": "nixpkgs",
        "ref": "master",
        "type": "indirect"
      }
    },
    "nixpkgs-wayland": {
      "inputs": {
        "cachix": "cachix",
        "nixpkgs": [
          "nixpkgs"
        ]
      },
      "locked": {
        "lastModified": 1634554747,
        "narHash": "sha256-4KWDcFiluJIIxNzziIjjZgET3fDCOA3YkZJAXMqOl3Y=",
        "owner": "colemickens",
        "repo": "nixpkgs-wayland",
        "rev": "48cd3698e3dee50c8ff13602a8ab13b7f65d9051",
        "type": "github"
      },
      "original": {
        "owner": "colemickens",
        "repo": "nixpkgs-wayland",
        "type": "github"
      }
    },
    "root": {
      "inputs": {
        "agenix": "agenix",
        "emacs-overlay": "emacs-overlay",
        "home-manager": "home-manager",
        "nixos-hardware": "nixos-hardware",
        "nixpkgs": "nixpkgs",
        "nixpkgs-unstable": "nixpkgs-unstable",
        "nixpkgs-wayland": "nixpkgs-wayland"
      }
    }
  },
  "root": "root",
  "version": 7
}
