{
  "nodes": {
    "agenix": {
      "inputs": {
        "nixpkgs": [
          "nixpkgs"
        ]
      },
      "locked": {
        "lastModified": 1640802000,
        "narHash": "sha256-ZiI94Zv/IgW64fqKrtVaQqfUCkn9STvAjgfFmvtqcQ8=",
        "owner": "ryantm",
        "repo": "agenix",
        "rev": "c5558c88b2941bf94886dfdede6926b1ba5f5629",
        "type": "github"
      },
      "original": {
        "owner": "ryantm",
        "repo": "agenix",
        "type": "github"
      }
    },
    "cachix": {
      "locked": {
        "lastModified": 1637798660,
        "narHash": "sha256-MrPmoGeiOjlT17j3ZQx6iab07YVnomRiBFLcOCiCYnk=",
        "owner": "nixos",
        "repo": "nixpkgs",
        "rev": "91e6a9a6568f751bb10222a937507e7e151a035e",
        "type": "github"
      },
      "original": {
        "owner": "nixos",
        "ref": "nixos-21.05",
        "repo": "nixpkgs",
        "type": "github"
      }
    },
    "emacs-overlay": {
      "locked": {
        "lastModified": 1641322011,
        "narHash": "sha256-E8tf4BCgwBd60XCi83vZA7ROZar3HSmNpV6ou8sSlcw=",
        "owner": "nix-community",
        "repo": "emacs-overlay",
        "rev": "3134c80d79072371eee0fd24a9ec9bf1d24c9f4a",
        "type": "github"
      },
      "original": {
        "owner": "nix-community",
        "repo": "emacs-overlay",
        "type": "github"
      }
    },
    "home-manager": {
      "inputs": {
        "nixpkgs": [
          "nixpkgs"
        ]
      },
      "locked": {
        "lastModified": 1641236600,
        "narHash": "sha256-Xsy/vV1iEMjldygMYys9Y7w/h/suzQfdORVbBfih/PU=",
        "owner": "nix-community",
        "repo": "home-manager",
        "rev": "65e5b835a94b3bca9a1e219e5c43c1bc5fc04598",
        "type": "github"
      },
      "original": {
        "owner": "nix-community",
        "ref": "master",
        "repo": "home-manager",
        "type": "github"
      }
    },
    "nixos-hardware": {
      "locked": {
        "lastModified": 1640686209,
        "narHash": "sha256-6glXUlKRDhEhNuYx6r3fXU6KH2/Vq9mJZjB9oUpwrmc=",
        "owner": "nixos",
        "repo": "nixos-hardware",
        "rev": "46df95ca81e7e4cf3458cdb4b7d1714b5fce9da5",
        "type": "github"
      },
      "original": {
        "owner": "nixos",
        "repo": "nixos-hardware",
        "type": "github"
      }
    },
    "nixpkgs": {
      "locked": {
        "lastModified": 1641230035,
        "narHash": "sha256-hFyqihERaTbLxCOlugy/rpp22VLtLh8SPRnA2uu3F/8=",
        "owner": "NixOS",
        "repo": "nixpkgs",
        "rev": "78cd22c1b8604de423546cd49bfe264b786eca13",
        "type": "github"
      },
      "original": {
        "id": "nixpkgs",
        "ref": "nixos-unstable",
        "type": "indirect"
      }
    },
    "nixpkgs-unstable": {
      "locked": {
        "lastModified": 1641322337,
        "narHash": "sha256-buFXhghzpMSi0hzzcPTGpYNC8JNFXkXT59UzcAV5mrI=",
        "owner": "NixOS",
        "repo": "nixpkgs",
        "rev": "58c9aec5c09374db2ad0257cb2784b3ad1f8b4b4",
        "type": "github"
      },
      "original": {
        "id": "nixpkgs",
        "ref": "master",
        "type": "indirect"
      }
    },
    "nixpkgs-wayland": {
      "inputs": {
        "cachix": "cachix",
        "nixpkgs": [
          "nixpkgs"
        ]
      },
      "locked": {
        "lastModified": 1637983357,
        "narHash": "sha256-kferWoUKAAJO17t2D2nsEMvjMmOH1zyJPFUHtm+Cgn4=",
        "owner": "colemickens",
        "repo": "nixpkgs-wayland",
        "rev": "1e481bafca9e03ead4b85e4f46d8d959c5f9b11c",
        "type": "github"
      },
      "original": {
        "owner": "colemickens",
        "repo": "nixpkgs-wayland",
        "type": "github"
      }
    },
    "root": {
      "inputs": {
        "agenix": "agenix",
        "emacs-overlay": "emacs-overlay",
        "home-manager": "home-manager",
        "nixos-hardware": "nixos-hardware",
        "nixpkgs": "nixpkgs",
        "nixpkgs-unstable": "nixpkgs-unstable",
        "nixpkgs-wayland": "nixpkgs-wayland"
      }
    }
  },
  "root": "root",
  "version": 7
}
